{
    "name": "kessler",
    "version": "0.1.1",
    "lockfileVersion": 3,
    "requires": true,
    "packages": {
        "": {
            "name": "kessler",
            "version": "0.1.1",
            "hasInstallScript": true,
            "license": "MIT",
            "bin": {
                "kessler": "bin/kessler"
            }
        }
    }
}
